Microsoft Visual Studio Solution File, Format Version 12.00
# Visual Studio Version 17
VisualStudioVersion = 17.0.31903.59
MinimumVisualStudioVersion = 10.0.40219.1
Project("{FAE04EC0-301F-11D3-BF4B-00C04F79EFBC}") = "KarimDoors.Domain", "src\KarimDoors.Domain\KarimDoors.Domain.csproj", "{2D2C6216-70D9-4A80-8D64-3D2D45030267}"
EndProject
Project("{FAE04EC0-301F-11D3-BF4B-00C04F79EFBC}") = "KarimDoors.Application", "src\KarimDoors.Application\KarimDoors.Application.csproj", "{61F4931B-D2D0-462A-A15C-3DBF79543686}"
EndProject
Project("{FAE04EC0-301F-11D3-BF4B-00C04F79EFBC}") = "KarimDoors.Infrastructure", "src\KarimDoors.Infrastructure\KarimDoors.Infrastructure.csproj", "{5C74855A-0B3A-4ACB-8A67-260B4F5AC5C0}"
EndProject
Project("{FAE04EC0-301F-11D3-BF4B-00C04F79EFBC}") = "KarimDoors.Web", "src\KarimDoors.Web\KarimDoors.Web.csproj", "{108EF88E-1D5A-4D70-AD04-E2254BB1F85E}"
EndProject
Global
	GlobalSection(SolutionConfigurationPlatforms) = preSolution
		Debug|Any CPU = Debug|Any CPU
		Release|Any CPU = Release|Any CPU
	EndGlobalSection
	GlobalSection(ProjectConfigurationPlatforms) = postSolution
		{2D2C6216-70D9-4A80-8D64-3D2D45030267}.Debug|Any CPU.ActiveCfg = Debug|Any CPU
		{2D2C6216-70D9-4A80-8D64-3D2D45030267}.Debug|Any CPU.Build.0 = Debug|Any CPU
		{2D2C6216-70D9-4A80-8D64-3D2D45030267}.Release|Any CPU.ActiveCfg = Release|Any CPU
		{2D2C6216-70D9-4A80-8D64-3D2D45030267}.Release|Any CPU.Build.0 = Release|Any CPU
		{61F4931B-D2D0-462A-A15C-3DBF79543686}.Debug|Any CPU.ActiveCfg = Debug|Any CPU
		{61F4931B-D2D0-462A-A15C-3DBF79543686}.Debug|Any CPU.Build.0 = Debug|Any CPU
		{61F4931B-D2D0-462A-A15C-3DBF79543686}.Release|Any CPU.ActiveCfg = Release|Any CPU
		{61F4931B-D2D0-462A-A15C-3DBF79543686}.Release|Any CPU.Build.0 = Release|Any CPU
		{5C74855A-0B3A-4ACB-8A67-260B4F5AC5C0}.Debug|Any CPU.ActiveCfg = Debug|Any CPU
		{5C74855A-0B3A-4ACB-8A67-260B4F5AC5C0}.Debug|Any CPU.Build.0 = Debug|Any CPU
		{5C74855A-0B3A-4ACB-8A67-260B4F5AC5C0}.Release|Any CPU.ActiveCfg = Release|Any CPU
		{5C74855A-0B3A-4ACB-8A67-260B4F5AC5C0}.Release|Any CPU.Build.0 = Release|Any CPU
		{108EF88E-1D5A-4D70-AD04-E2254BB1F85E}.Debug|Any CPU.ActiveCfg = Debug|Any CPU
		{108EF88E-1D5A-4D70-AD04-E2254BB1F85E}.Debug|Any CPU.Build.0 = Debug|Any CPU
		{108EF88E-1D5A-4D70-AD04-E2254BB1F85E}.Release|Any CPU.ActiveCfg = Release|Any CPU
		{108EF88E-1D5A-4D70-AD04-E2254BB1F85E}.Release|Any CPU.Build.0 = Release|Any CPU
	EndGlobalSection
EndGlobal
